
Microsoft Visual Studio Solution File, Format Version 12.00
# Visual Studio Version 17
VisualStudioVersion = 17.3.32929.385
MinimumVisualStudioVersion = 10.0.40219.1
Project("{FAE04EC0-301F-11D3-BF4B-00C04F79EFBC}") = "03_MakingDecision", "03_kararYapıları\03_MakingDecision.csproj", "{67E7F4F5-7FD8-475B-AA0C-298A86D37824}"
EndProject
Project("{FAE04EC0-301F-11D3-BF4B-00C04F79EFBC}") = "02_Variables", "02_Variables\02_Variables.csproj", "{5D47BAFE-9906-42D9-BAB3-A63B7311A5B9}"
EndProject
Project("{FAE04EC0-301F-11D3-BF4B-00C04F79EFBC}") = "01_MainSubject", "01_MainSubject\01_MainSubject.csproj", "{F92973E4-1786-452D-A9F4-6CB35F335DAD}"
EndProject
Global
	GlobalSection(SolutionConfigurationPlatforms) = preSolution
		Debug|Any CPU = Debug|Any CPU
		Release|Any CPU = Release|Any CPU
	EndGlobalSection
	GlobalSection(ProjectConfigurationPlatforms) = postSolution
		{67E7F4F5-7FD8-475B-AA0C-298A86D37824}.Debug|Any CPU.ActiveCfg = Debug|Any CPU
		{67E7F4F5-7FD8-475B-AA0C-298A86D37824}.Debug|Any CPU.Build.0 = Debug|Any CPU
		{67E7F4F5-7FD8-475B-AA0C-298A86D37824}.Release|Any CPU.ActiveCfg = Release|Any CPU
		{67E7F4F5-7FD8-475B-AA0C-298A86D37824}.Release|Any CPU.Build.0 = Release|Any CPU
		{5D47BAFE-9906-42D9-BAB3-A63B7311A5B9}.Debug|Any CPU.ActiveCfg = Debug|Any CPU
		{5D47BAFE-9906-42D9-BAB3-A63B7311A5B9}.Debug|Any CPU.Build.0 = Debug|Any CPU
		{5D47BAFE-9906-42D9-BAB3-A63B7311A5B9}.Release|Any CPU.ActiveCfg = Release|Any CPU
		{5D47BAFE-9906-42D9-BAB3-A63B7311A5B9}.Release|Any CPU.Build.0 = Release|Any CPU
		{F92973E4-1786-452D-A9F4-6CB35F335DAD}.Debug|Any CPU.ActiveCfg = Debug|Any CPU
		{F92973E4-1786-452D-A9F4-6CB35F335DAD}.Debug|Any CPU.Build.0 = Debug|Any CPU
		{F92973E4-1786-452D-A9F4-6CB35F335DAD}.Release|Any CPU.ActiveCfg = Release|Any CPU
		{F92973E4-1786-452D-A9F4-6CB35F335DAD}.Release|Any CPU.Build.0 = Release|Any CPU
	EndGlobalSection
	GlobalSection(SolutionProperties) = preSolution
		HideSolutionNode = FALSE
	EndGlobalSection
	GlobalSection(ExtensibilityGlobals) = postSolution
		SolutionGuid = {A475D653-BDFB-44BC-9A3C-04FDDAB811F5}
	EndGlobalSection
EndGlobal
