
Microsoft Visual Studio Solution File, Format Version 12.00
# Visual Studio Version 17
VisualStudioVersion = 17.3.32929.385
MinimumVisualStudioVersion = 10.0.40219.1
Project("{FAE04EC0-301F-11D3-BF4B-00C04F79EFBC}") = "01_MainSubject", "01_MainSubject\01_MainSubject.csproj", "{127A6D04-C948-4676-B2EB-D5E3682388CE}"
EndProject
Project("{FAE04EC0-301F-11D3-BF4B-00C04F79EFBC}") = "02_Variables", "02_Variables\02_Variables.csproj", "{CD271BFB-471A-43FA-8D52-D90DCC4432A3}"
EndProject
Project("{FAE04EC0-301F-11D3-BF4B-00C04F79EFBC}") = "03_MakingDecision", "03_MakingDecision\03_MakingDecision.csproj", "{51F68AE6-8DF8-433C-BFDA-C1A69AE6E1C0}"
EndProject
Project("{FAE04EC0-301F-11D3-BF4B-00C04F79EFBC}") = "04_Loops", "04_Loops\04_Loops.csproj", "{1062843D-4C92-45D8-A954-9F439FF8D868}"
EndProject
Project("{FAE04EC0-301F-11D3-BF4B-00C04F79EFBC}") = "05_LoopsWithStars", "06_LoopsWithStars\05_LoopsWithStars.csproj", "{64FBE41E-1ACF-4483-AB59-628C32A78641}"
EndProject
Project("{FAE04EC0-301F-11D3-BF4B-00C04F79EFBC}") = "06_Arrays", "06_Arrays\06_Arrays.csproj", "{E0276172-27B3-43E1-8194-4B78C5520C6B}"
EndProject
Global
	GlobalSection(SolutionConfigurationPlatforms) = preSolution
		Debug|Any CPU = Debug|Any CPU
		Release|Any CPU = Release|Any CPU
	EndGlobalSection
	GlobalSection(ProjectConfigurationPlatforms) = postSolution
		{127A6D04-C948-4676-B2EB-D5E3682388CE}.Debug|Any CPU.ActiveCfg = Debug|Any CPU
		{127A6D04-C948-4676-B2EB-D5E3682388CE}.Debug|Any CPU.Build.0 = Debug|Any CPU
		{127A6D04-C948-4676-B2EB-D5E3682388CE}.Release|Any CPU.ActiveCfg = Release|Any CPU
		{127A6D04-C948-4676-B2EB-D5E3682388CE}.Release|Any CPU.Build.0 = Release|Any CPU
		{CD271BFB-471A-43FA-8D52-D90DCC4432A3}.Debug|Any CPU.ActiveCfg = Debug|Any CPU
		{CD271BFB-471A-43FA-8D52-D90DCC4432A3}.Debug|Any CPU.Build.0 = Debug|Any CPU
		{CD271BFB-471A-43FA-8D52-D90DCC4432A3}.Release|Any CPU.ActiveCfg = Release|Any CPU
		{CD271BFB-471A-43FA-8D52-D90DCC4432A3}.Release|Any CPU.Build.0 = Release|Any CPU
		{51F68AE6-8DF8-433C-BFDA-C1A69AE6E1C0}.Debug|Any CPU.ActiveCfg = Debug|Any CPU
		{51F68AE6-8DF8-433C-BFDA-C1A69AE6E1C0}.Debug|Any CPU.Build.0 = Debug|Any CPU
		{51F68AE6-8DF8-433C-BFDA-C1A69AE6E1C0}.Release|Any CPU.ActiveCfg = Release|Any CPU
		{51F68AE6-8DF8-433C-BFDA-C1A69AE6E1C0}.Release|Any CPU.Build.0 = Release|Any CPU
		{1062843D-4C92-45D8-A954-9F439FF8D868}.Debug|Any CPU.ActiveCfg = Debug|Any CPU
		{1062843D-4C92-45D8-A954-9F439FF8D868}.Debug|Any CPU.Build.0 = Debug|Any CPU
		{1062843D-4C92-45D8-A954-9F439FF8D868}.Release|Any CPU.ActiveCfg = Release|Any CPU
		{1062843D-4C92-45D8-A954-9F439FF8D868}.Release|Any CPU.Build.0 = Release|Any CPU
		{64FBE41E-1ACF-4483-AB59-628C32A78641}.Debug|Any CPU.ActiveCfg = Debug|Any CPU
		{64FBE41E-1ACF-4483-AB59-628C32A78641}.Debug|Any CPU.Build.0 = Debug|Any CPU
		{64FBE41E-1ACF-4483-AB59-628C32A78641}.Release|Any CPU.ActiveCfg = Release|Any CPU
		{64FBE41E-1ACF-4483-AB59-628C32A78641}.Release|Any CPU.Build.0 = Release|Any CPU
		{E0276172-27B3-43E1-8194-4B78C5520C6B}.Debug|Any CPU.ActiveCfg = Debug|Any CPU
		{E0276172-27B3-43E1-8194-4B78C5520C6B}.Debug|Any CPU.Build.0 = Debug|Any CPU
		{E0276172-27B3-43E1-8194-4B78C5520C6B}.Release|Any CPU.ActiveCfg = Release|Any CPU
		{E0276172-27B3-43E1-8194-4B78C5520C6B}.Release|Any CPU.Build.0 = Release|Any CPU
	EndGlobalSection
	GlobalSection(SolutionProperties) = preSolution
		HideSolutionNode = FALSE
	EndGlobalSection
	GlobalSection(ExtensibilityGlobals) = postSolution
		SolutionGuid = {A475D653-BDFB-44BC-9A3C-04FDDAB811F5}
	EndGlobalSection
EndGlobal
